{
  "name": "notebook",
  "version": "1.0.0",
  "lockfileVersion": 3,
  "requires": true,
  "packages": {
    "": {
      "name": "notebook",
      "version": "1.0.0",
      "license": "ISC",
      "dependencies": {
        "playwright-firefox": "^1.53.1"
      }
    },
    "node_modules/playwright-core": {
      "version": "1.53.1",
      "resolved": "https://registry.npmjs.org/playwright-core/-/playwright-core-1.53.1.tgz",
      "integrity": "sha512-Z46Oq7tLAyT0lGoFx4DOuB1IA9D1TPj0QkYxpPVUnGDqHHvDpCftu1J2hM2PiWsNMoZh8+LQaarAWcDfPBc6zg==",
      "license": "Apache-2.0",
      "bin": {
        "playwright-core": "cli.js"
      },
      "engines": {
        "node": ">=18"
      }
    },
    "node_modules/playwright-firefox": {
      "version": "1.53.1",
      "resolved": "https://registry.npmjs.org/playwright-firefox/-/playwright-firefox-1.53.1.tgz",
      "integrity": "sha512-o6wPZssDmVPMX6ew2SIzqq1bfSzfSZhfcR8FlypFa1FJf9f0e0moTJPc9olUSCGhahHJoLOSQVoC3fn149qZxQ==",
      "hasInstallScript": true,
      "license": "Apache-2.0",
      "dependencies": {
        "playwright-core": "1.53.1"
      },
      "bin": {
        "playwright": "cli.js"
      },
      "engines": {
        "node": ">=18"
      }
    }
  }
}
